
Microsoft Visual Studio Solution File, Format Version 12.00
# Visual Studio 15
VisualStudioVersion = 15.0.27703.2042
MinimumVisualStudioVersion = 10.0.40219.1
Project("{FAE04EC0-301F-11D3-BF4B-00C04F79EFBC}") = "NovelReader", "NovelReader\NovelReader.csproj", "{09E0C6F3-978B-48AB-96F8-994B73EDEE77}"
EndProject
Global
	GlobalSection(SolutionConfigurationPlatforms) = preSolution
		Debug|Any CPU = Debug|Any CPU
		Release|Any CPU = Release|Any CPU
	EndGlobalSection
	GlobalSection(ProjectConfigurationPlatforms) = postSolution
		{09E0C6F3-978B-48AB-96F8-994B73EDEE77}.Debug|Any CPU.ActiveCfg = Debug|Any CPU
		{09E0C6F3-978B-48AB-96F8-994B73EDEE77}.Debug|Any CPU.Build.0 = Debug|Any CPU
		{09E0C6F3-978B-48AB-96F8-994B73EDEE77}.Release|Any CPU.ActiveCfg = Release|Any CPU
		{09E0C6F3-978B-48AB-96F8-994B73EDEE77}.Release|Any CPU.Build.0 = Release|Any CPU
	EndGlobalSection
	GlobalSection(SolutionProperties) = preSolution
		HideSolutionNode = FALSE
	EndGlobalSection
	GlobalSection(ExtensibilityGlobals) = postSolution
		SolutionGuid = {0FC583CE-2CA3-484B-AD19-EBC70CF3A3EF}
	EndGlobalSection
EndGlobal
